
Microsoft Visual Studio Solution File, Format Version 12.00
# Visual Studio 15
VisualStudioVersion = 15.0.28307.136
MinimumVisualStudioVersion = 10.0.40219.1
Project("{FAE04EC0-301F-11D3-BF4B-00C04F79EFBC}") = "BM", "BM\BM.csproj", "{16598DA7-A825-40E0-9F30-925B2DED0C28}"
EndProject
Global
	GlobalSection(SolutionConfigurationPlatforms) = preSolution
		Debug|Any CPU = Debug|Any CPU
		Release|Any CPU = Release|Any CPU
	EndGlobalSection
	GlobalSection(ProjectConfigurationPlatforms) = postSolution
		{16598DA7-A825-40E0-9F30-925B2DED0C28}.Debug|Any CPU.ActiveCfg = Debug|Any CPU
		{16598DA7-A825-40E0-9F30-925B2DED0C28}.Debug|Any CPU.Build.0 = Debug|Any CPU
		{16598DA7-A825-40E0-9F30-925B2DED0C28}.Release|Any CPU.ActiveCfg = Release|Any CPU
		{16598DA7-A825-40E0-9F30-925B2DED0C28}.Release|Any CPU.Build.0 = Release|Any CPU
	EndGlobalSection
	GlobalSection(SolutionProperties) = preSolution
		HideSolutionNode = FALSE
	EndGlobalSection
	GlobalSection(ExtensibilityGlobals) = postSolution
		SolutionGuid = {2BC363BD-402F-4B15-8B97-A306ECD3DB45}
	EndGlobalSection
EndGlobal
